
Microsoft Visual Studio Solution File, Format Version 12.00
Project("{FAE04EC0-301F-11D3-BF4B-00C04F79EFBC}") = "GuardianProApi", "GuardianProApi\GuardianProApi.csproj", "{26CFFE77-031C-4108-BB1A-C867B273E65F}"
EndProject
Project("{FAE04EC0-301F-11D3-BF4B-00C04F79EFBC}") = "GuardianProCore", "GuardianProCore\GuardianProCore.csproj", "{12A81858-AB26-495F-877D-0516BD4BD816}"
EndProject
Project("{FAE04EC0-301F-11D3-BF4B-00C04F79EFBC}") = "GuardianProWebServices", "GuardianProWebServices\GuardianProWebServices.csproj", "{98534457-0C69-4345-B6EC-E0488D5332F1}"
EndProject
Project("{FAE04EC0-301F-11D3-BF4B-00C04F79EFBC}") = "SF2022UserLib", "SF2022UserLib\SF2022UserLib.csproj", "{5AE5A91F-A6A2-46FC-BA0D-263311305200}"
EndProject
Global
	GlobalSection(SolutionConfigurationPlatforms) = preSolution
		Debug|Any CPU = Debug|Any CPU
		Release|Any CPU = Release|Any CPU
	EndGlobalSection
	GlobalSection(ProjectConfigurationPlatforms) = postSolution
		{26CFFE77-031C-4108-BB1A-C867B273E65F}.Debug|Any CPU.ActiveCfg = Debug|Any CPU
		{26CFFE77-031C-4108-BB1A-C867B273E65F}.Debug|Any CPU.Build.0 = Debug|Any CPU
		{26CFFE77-031C-4108-BB1A-C867B273E65F}.Release|Any CPU.ActiveCfg = Release|Any CPU
		{26CFFE77-031C-4108-BB1A-C867B273E65F}.Release|Any CPU.Build.0 = Release|Any CPU
		{12A81858-AB26-495F-877D-0516BD4BD816}.Debug|Any CPU.ActiveCfg = Debug|Any CPU
		{12A81858-AB26-495F-877D-0516BD4BD816}.Debug|Any CPU.Build.0 = Debug|Any CPU
		{12A81858-AB26-495F-877D-0516BD4BD816}.Release|Any CPU.ActiveCfg = Release|Any CPU
		{12A81858-AB26-495F-877D-0516BD4BD816}.Release|Any CPU.Build.0 = Release|Any CPU
		{98534457-0C69-4345-B6EC-E0488D5332F1}.Debug|Any CPU.ActiveCfg = Debug|Any CPU
		{98534457-0C69-4345-B6EC-E0488D5332F1}.Debug|Any CPU.Build.0 = Debug|Any CPU
		{98534457-0C69-4345-B6EC-E0488D5332F1}.Release|Any CPU.ActiveCfg = Release|Any CPU
		{98534457-0C69-4345-B6EC-E0488D5332F1}.Release|Any CPU.Build.0 = Release|Any CPU
		{5AE5A91F-A6A2-46FC-BA0D-263311305200}.Debug|Any CPU.ActiveCfg = Debug|Any CPU
		{5AE5A91F-A6A2-46FC-BA0D-263311305200}.Debug|Any CPU.Build.0 = Debug|Any CPU
		{5AE5A91F-A6A2-46FC-BA0D-263311305200}.Release|Any CPU.ActiveCfg = Release|Any CPU
		{5AE5A91F-A6A2-46FC-BA0D-263311305200}.Release|Any CPU.Build.0 = Release|Any CPU
	EndGlobalSection
EndGlobal
